// !$*UTF8*$!
{
	archiveVersion = 1;
	classes = {
	};
	objectVersion = 46;
	objects = {

/* Begin PBXBuildFile section */
		06643A8B19FC238F00431C48 /* Server.m in Sources */ = {isa = PBXBuildFile; fileRef = 06643A8A19FC238F00431C48 /* Server.m */; };
		06643A8E19FC591F00431C48 /* AddressCell.m in Sources */ = {isa = PBXBuildFile; fileRef = 06643A8D19FC591F00431C48 /* AddressCell.m */; };
		06643A9219FCD7AB00431C48 /* SearchCell.m in Sources */ = {isa = PBXBuildFile; fileRef = 06643A9119FCD7AB00431C48 /* SearchCell.m */; };
		068F143119FBC710008D53B4 /* main.m in Sources */ = {isa = PBXBuildFile; fileRef = 068F143019FBC710008D53B4 /* main.m */; };
		068F143419FBC710008D53B4 /* AppDelegate.m in Sources */ = {isa = PBXBuildFile; fileRef = 068F143319FBC710008D53B4 /* AppDelegate.m */; };
		068F143A19FBC710008D53B4 /* Main-iPhone.storyboard in Resources */ = {isa = PBXBuildFile; fileRef = 068F143819FBC710008D53B4 /* Main-iPhone.storyboard */; };
		068F143C19FBC710008D53B4 /* Images.xcassets in Resources */ = {isa = PBXBuildFile; fileRef = 068F143B19FBC710008D53B4 /* Images.xcassets */; };
		068F143F19FBC710008D53B4 /* LaunchScreen.xib in Resources */ = {isa = PBXBuildFile; fileRef = 068F143D19FBC710008D53B4 /* LaunchScreen.xib */; };
		068F144B19FBC710008D53B4 /* TaxiFridayTests.m in Sources */ = {isa = PBXBuildFile; fileRef = 068F144A19FBC710008D53B4 /* TaxiFridayTests.m */; };
		068F145819FBC86A008D53B4 /* RequestVC.m in Sources */ = {isa = PBXBuildFile; fileRef = 068F145719FBC86A008D53B4 /* RequestVC.m */; };
		068F147319FBD731008D53B4 /* Categories.m in Sources */ = {isa = PBXBuildFile; fileRef = 068F147219FBD731008D53B4 /* Categories.m */; };
		068F147619FBDE0F008D53B4 /* UIKit.framework in Frameworks */ = {isa = PBXBuildFile; fileRef = 068F147519FBDE0F008D53B4 /* UIKit.framework */; };
		068F147919FBDE48008D53B4 /* Foundation.framework in Frameworks */ = {isa = PBXBuildFile; fileRef = 068F147819FBDE48008D53B4 /* Foundation.framework */; };
		068F147B19FBDE60008D53B4 /* QuartzCore.framework in Frameworks */ = {isa = PBXBuildFile; fileRef = 068F147A19FBDE60008D53B4 /* QuartzCore.framework */; };
		068F147D19FBDE94008D53B4 /* CoreGraphics.framework in Frameworks */ = {isa = PBXBuildFile; fileRef = 068F147C19FBDE94008D53B4 /* CoreGraphics.framework */; };
		068F148219FBE08E008D53B4 /* HELVETICANEUECYR-BOLD.OTF in Resources */ = {isa = PBXBuildFile; fileRef = 068F147E19FBE08E008D53B4 /* HELVETICANEUECYR-BOLD.OTF */; };
		068F148319FBE08E008D53B4 /* HELVETICANEUECYR-LIGHT.OTF in Resources */ = {isa = PBXBuildFile; fileRef = 068F147F19FBE08E008D53B4 /* HELVETICANEUECYR-LIGHT.OTF */; };
		068F148419FBE08E008D53B4 /* HELVETICANEUECYR-MEDIUM.OTF in Resources */ = {isa = PBXBuildFile; fileRef = 068F148019FBE08E008D53B4 /* HELVETICANEUECYR-MEDIUM.OTF */; };
		068F148519FBE08E008D53B4 /* HELVETICANEUECYR-ROMAN.OTF in Resources */ = {isa = PBXBuildFile; fileRef = 068F148119FBE08E008D53B4 /* HELVETICANEUECYR-ROMAN.OTF */; };
		A76FB9531A064D35008F06E0 /* UITextViewModified.m in Sources */ = {isa = PBXBuildFile; fileRef = A76FB9521A064D35008F06E0 /* UITextViewModified.m */; };
		A76FB9601A07D72F008F06E0 /* OrderVC.m in Sources */ = {isa = PBXBuildFile; fileRef = A76FB95F1A07D72F008F06E0 /* OrderVC.m */; };
		A7CCCDAC1A04D9C700F5DF4D /* SearchPlaceVC.m in Sources */ = {isa = PBXBuildFile; fileRef = A7CCCDAB1A04D9C700F5DF4D /* SearchPlaceVC.m */; };
		A7CCCDB31A04DC1600F5DF4D /* Place.m in Sources */ = {isa = PBXBuildFile; fileRef = A7CCCDB21A04DC1600F5DF4D /* Place.m */; };
		D88C7B14D386BF24E318DFAD /* libPods.a in Frameworks */ = {isa = PBXBuildFile; fileRef = C0F7CBFAE11CD09338AADED3 /* libPods.a */; };
/* End PBXBuildFile section */

/* Begin PBXContainerItemProxy section */
		068F144519FBC710008D53B4 /* PBXContainerItemProxy */ = {
			isa = PBXContainerItemProxy;
			containerPortal = 068F142319FBC70F008D53B4 /* Project object */;
			proxyType = 1;
			remoteGlobalIDString = 068F142A19FBC70F008D53B4;
			remoteInfo = TaxiFriday;
		};
/* End PBXContainerItemProxy section */

/* Begin PBXFileReference section */
		06643A8919FC238F00431C48 /* Server.h */ = {isa = PBXFileReference; fileEncoding = 4; lastKnownFileType = sourcecode.c.h; path = Server.h; sourceTree = "<group>"; };
		06643A8A19FC238F00431C48 /* Server.m */ = {isa = PBXFileReference; fileEncoding = 4; lastKnownFileType = sourcecode.c.objc; path = Server.m; sourceTree = "<group>"; };
		06643A8C19FC591F00431C48 /* AddressCell.h */ = {isa = PBXFileReference; fileEncoding = 4; lastKnownFileType = sourcecode.c.h; path = AddressCell.h; sourceTree = "<group>"; };
		06643A8D19FC591F00431C48 /* AddressCell.m */ = {isa = PBXFileReference; fileEncoding = 4; lastKnownFileType = sourcecode.c.objc; path = AddressCell.m; sourceTree = "<group>"; };
		06643A9019FCD7AB00431C48 /* SearchCell.h */ = {isa = PBXFileReference; fileEncoding = 4; lastKnownFileType = sourcecode.c.h; path = SearchCell.h; sourceTree = "<group>"; };
		06643A9119FCD7AB00431C48 /* SearchCell.m */ = {isa = PBXFileReference; fileEncoding = 4; lastKnownFileType = sourcecode.c.objc; path = SearchCell.m; sourceTree = "<group>"; };
		068F142B19FBC710008D53B4 /* TaxiFriday.app */ = {isa = PBXFileReference; explicitFileType = wrapper.application; includeInIndex = 0; path = TaxiFriday.app; sourceTree = BUILT_PRODUCTS_DIR; };
		068F142F19FBC710008D53B4 /* Info.plist */ = {isa = PBXFileReference; lastKnownFileType = text.plist.xml; path = Info.plist; sourceTree = "<group>"; };
		068F143019FBC710008D53B4 /* main.m */ = {isa = PBXFileReference; lastKnownFileType = sourcecode.c.objc; path = main.m; sourceTree = "<group>"; };
		068F143219FBC710008D53B4 /* AppDelegate.h */ = {isa = PBXFileReference; lastKnownFileType = sourcecode.c.h; path = AppDelegate.h; sourceTree = "<group>"; };
		068F143319FBC710008D53B4 /* AppDelegate.m */ = {isa = PBXFileReference; lastKnownFileType = sourcecode.c.objc; path = AppDelegate.m; sourceTree = "<group>"; };
		068F143919FBC710008D53B4 /* Base */ = {isa = PBXFileReference; lastKnownFileType = file.storyboard; name = Base; path = "Base.lproj/Main-iPhone.storyboard"; sourceTree = "<group>"; };
		068F143B19FBC710008D53B4 /* Images.xcassets */ = {isa = PBXFileReference; lastKnownFileType = folder.assetcatalog; path = Images.xcassets; sourceTree = "<group>"; };
		068F143E19FBC710008D53B4 /* Base */ = {isa = PBXFileReference; lastKnownFileType = file.xib; name = Base; path = Base.lproj/LaunchScreen.xib; sourceTree = "<group>"; };
		068F144419FBC710008D53B4 /* TaxiFridayTests.xctest */ = {isa = PBXFileReference; explicitFileType = wrapper.cfbundle; includeInIndex = 0; path = TaxiFridayTests.xctest; sourceTree = BUILT_PRODUCTS_DIR; };
		068F144919FBC710008D53B4 /* Info.plist */ = {isa = PBXFileReference; lastKnownFileType = text.plist.xml; path = Info.plist; sourceTree = "<group>"; };
		068F144A19FBC710008D53B4 /* TaxiFridayTests.m */ = {isa = PBXFileReference; lastKnownFileType = sourcecode.c.objc; path = TaxiFridayTests.m; sourceTree = "<group>"; };
		068F145619FBC86A008D53B4 /* RequestVC.h */ = {isa = PBXFileReference; fileEncoding = 4; lastKnownFileType = sourcecode.c.h; path = RequestVC.h; sourceTree = "<group>"; };
		068F145719FBC86A008D53B4 /* RequestVC.m */ = {isa = PBXFileReference; fileEncoding = 4; lastKnownFileType = sourcecode.c.objc; path = RequestVC.m; sourceTree = "<group>"; };
		068F147119FBD731008D53B4 /* Categories.h */ = {isa = PBXFileReference; fileEncoding = 4; lastKnownFileType = sourcecode.c.h; path = Categories.h; sourceTree = "<group>"; };
		068F147219FBD731008D53B4 /* Categories.m */ = {isa = PBXFileReference; fileEncoding = 4; lastKnownFileType = sourcecode.c.objc; path = Categories.m; sourceTree = "<group>"; };
		068F147419FBD7A0008D53B4 /* TaxiFriday-PrefixHeader.pch */ = {isa = PBXFileReference; lastKnownFileType = sourcecode.c.h; path = "TaxiFriday-PrefixHeader.pch"; sourceTree = "<group>"; };
		068F147519FBDE0F008D53B4 /* UIKit.framework */ = {isa = PBXFileReference; lastKnownFileType = wrapper.framework; name = UIKit.framework; path = System/Library/Frameworks/UIKit.framework; sourceTree = SDKROOT; };
		068F147819FBDE48008D53B4 /* Foundation.framework */ = {isa = PBXFileReference; lastKnownFileType = wrapper.framework; name = Foundation.framework; path = System/Library/Frameworks/Foundation.framework; sourceTree = SDKROOT; };
		068F147A19FBDE60008D53B4 /* QuartzCore.framework */ = {isa = PBXFileReference; lastKnownFileType = wrapper.framework; name = QuartzCore.framework; path = System/Library/Frameworks/QuartzCore.framework; sourceTree = SDKROOT; };
		068F147C19FBDE94008D53B4 /* CoreGraphics.framework */ = {isa = PBXFileReference; lastKnownFileType = wrapper.framework; name = CoreGraphics.framework; path = System/Library/Frameworks/CoreGraphics.framework; sourceTree = SDKROOT; };
		068F147E19FBE08E008D53B4 /* HELVETICANEUECYR-BOLD.OTF */ = {isa = PBXFileReference; lastKnownFileType = file; name = "HELVETICANEUECYR-BOLD.OTF"; path = "Fonts/HELVETICANEUECYR-BOLD.OTF"; sourceTree = "<group>"; };
		068F147F19FBE08E008D53B4 /* HELVETICANEUECYR-LIGHT.OTF */ = {isa = PBXFileReference; lastKnownFileType = file; name = "HELVETICANEUECYR-LIGHT.OTF"; path = "Fonts/HELVETICANEUECYR-LIGHT.OTF"; sourceTree = "<group>"; };
		068F148019FBE08E008D53B4 /* HELVETICANEUECYR-MEDIUM.OTF */ = {isa = PBXFileReference; lastKnownFileType = file; name = "HELVETICANEUECYR-MEDIUM.OTF"; path = "Fonts/HELVETICANEUECYR-MEDIUM.OTF"; sourceTree = "<group>"; };
		068F148119FBE08E008D53B4 /* HELVETICANEUECYR-ROMAN.OTF */ = {isa = PBXFileReference; lastKnownFileType = file; name = "HELVETICANEUECYR-ROMAN.OTF"; path = "Fonts/HELVETICANEUECYR-ROMAN.OTF"; sourceTree = "<group>"; };
		562CE38CAC471FAFB5480BC4 /* Pods.release.xcconfig */ = {isa = PBXFileReference; includeInIndex = 1; lastKnownFileType = text.xcconfig; name = Pods.release.xcconfig; path = "Pods/Target Support Files/Pods/Pods.release.xcconfig"; sourceTree = "<group>"; };
		A76FB9511A064D35008F06E0 /* UITextViewModified.h */ = {isa = PBXFileReference; fileEncoding = 4; lastKnownFileType = sourcecode.c.h; path = UITextViewModified.h; sourceTree = "<group>"; };
		A76FB9521A064D35008F06E0 /* UITextViewModified.m */ = {isa = PBXFileReference; fileEncoding = 4; lastKnownFileType = sourcecode.c.objc; path = UITextViewModified.m; sourceTree = "<group>"; };
		A76FB95E1A07D72F008F06E0 /* OrderVC.h */ = {isa = PBXFileReference; fileEncoding = 4; lastKnownFileType = sourcecode.c.h; path = OrderVC.h; sourceTree = "<group>"; };
		A76FB95F1A07D72F008F06E0 /* OrderVC.m */ = {isa = PBXFileReference; fileEncoding = 4; lastKnownFileType = sourcecode.c.objc; path = OrderVC.m; sourceTree = "<group>"; };
		A7CCCDAA1A04D9C700F5DF4D /* SearchPlaceVC.h */ = {isa = PBXFileReference; fileEncoding = 4; lastKnownFileType = sourcecode.c.h; path = SearchPlaceVC.h; sourceTree = "<group>"; };
		A7CCCDAB1A04D9C700F5DF4D /* SearchPlaceVC.m */ = {isa = PBXFileReference; fileEncoding = 4; lastKnownFileType = sourcecode.c.objc; path = SearchPlaceVC.m; sourceTree = "<group>"; };
		A7CCCDB11A04DC1600F5DF4D /* Place.h */ = {isa = PBXFileReference; fileEncoding = 4; lastKnownFileType = sourcecode.c.h; path = Place.h; sourceTree = "<group>"; };
		A7CCCDB21A04DC1600F5DF4D /* Place.m */ = {isa = PBXFileReference; fileEncoding = 4; lastKnownFileType = sourcecode.c.objc; path = Place.m; sourceTree = "<group>"; };
		AA8E397A28ABA8EDAB4BED70 /* Pods.debug.xcconfig */ = {isa = PBXFileReference; includeInIndex = 1; lastKnownFileType = text.xcconfig; name = Pods.debug.xcconfig; path = "Pods/Target Support Files/Pods/Pods.debug.xcconfig"; sourceTree = "<group>"; };
		C0F7CBFAE11CD09338AADED3 /* libPods.a */ = {isa = PBXFileReference; explicitFileType = archive.ar; includeInIndex = 0; path = libPods.a; sourceTree = BUILT_PRODUCTS_DIR; };
/* End PBXFileReference section */

/* Begin PBXFrameworksBuildPhase section */
		068F142819FBC70F008D53B4 /* Frameworks */ = {
			isa = PBXFrameworksBuildPhase;
			buildActionMask = 2147483647;
			files = (
				068F147D19FBDE94008D53B4 /* CoreGraphics.framework in Frameworks */,
				068F147B19FBDE60008D53B4 /* QuartzCore.framework in Frameworks */,
				068F147919FBDE48008D53B4 /* Foundation.framework in Frameworks */,
				068F147619FBDE0F008D53B4 /* UIKit.framework in Frameworks */,
				D88C7B14D386BF24E318DFAD /* libPods.a in Frameworks */,
			);
			runOnlyForDeploymentPostprocessing = 0;
		};
		068F144119FBC710008D53B4 /* Frameworks */ = {
			isa = PBXFrameworksBuildPhase;
			buildActionMask = 2147483647;
			files = (
			);
			runOnlyForDeploymentPostprocessing = 0;
		};
/* End PBXFrameworksBuildPhase section */

/* Begin PBXGroup section */
		06643A8819FC237100431C48 /* Server */ = {
			isa = PBXGroup;
			children = (
				06643A8919FC238F00431C48 /* Server.h */,
				06643A8A19FC238F00431C48 /* Server.m */,
			);
			name = Server;
			sourceTree = "<group>";
		};
		06643A8F19FC592B00431C48 /* Cells */ = {
			isa = PBXGroup;
			children = (
				06643A8C19FC591F00431C48 /* AddressCell.h */,
				06643A8D19FC591F00431C48 /* AddressCell.m */,
				06643A9019FCD7AB00431C48 /* SearchCell.h */,
				06643A9119FCD7AB00431C48 /* SearchCell.m */,
			);
			name = Cells;
			sourceTree = "<group>";
		};
		068F142219FBC70F008D53B4 = {
			isa = PBXGroup;
			children = (
				068F142D19FBC710008D53B4 /* TaxiFriday */,
				068F147719FBDE1E008D53B4 /* Frameworks */,
				068F144719FBC710008D53B4 /* TaxiFridayTests */,
				068F142C19FBC710008D53B4 /* Products */,
				59FD8BC2423C9B37DA1E9E5B /* Pods */,
			);
			sourceTree = "<group>";
		};
		068F142C19FBC710008D53B4 /* Products */ = {
			isa = PBXGroup;
			children = (
				068F142B19FBC710008D53B4 /* TaxiFriday.app */,
				068F144419FBC710008D53B4 /* TaxiFridayTests.xctest */,
			);
			name = Products;
			sourceTree = "<group>";
		};
		068F142D19FBC710008D53B4 /* TaxiFriday */ = {
			isa = PBXGroup;
			children = (
				068F145419FBC7D1008D53B4 /* AppDelegate */,
				068F145519FBC7EE008D53B4 /* Storyboard */,
				068F145919FBC878008D53B4 /* VCs */,
				A7CCCDAD1A04DA8100F5DF4D /* Model */,
				A76FB9501A064CD0008F06E0 /* CustomElements */,
				06643A8819FC237100431C48 /* Server */,
				068F143B19FBC710008D53B4 /* Images.xcassets */,
				068F143D19FBC710008D53B4 /* LaunchScreen.xib */,
				068F142E19FBC710008D53B4 /* Supporting Files */,
			);
			path = TaxiFriday;
			sourceTree = "<group>";
		};
		068F142E19FBC710008D53B4 /* Supporting Files */ = {
			isa = PBXGroup;
			children = (
				068F147119FBD731008D53B4 /* Categories.h */,
				068F148619FBE09B008D53B4 /* Fonts */,
				068F147219FBD731008D53B4 /* Categories.m */,
				068F142F19FBC710008D53B4 /* Info.plist */,
				068F143019FBC710008D53B4 /* main.m */,
				068F147419FBD7A0008D53B4 /* TaxiFriday-PrefixHeader.pch */,
			);
			name = "Supporting Files";
			sourceTree = "<group>";
		};
		068F144719FBC710008D53B4 /* TaxiFridayTests */ = {
			isa = PBXGroup;
			children = (
				068F144A19FBC710008D53B4 /* TaxiFridayTests.m */,
				068F144819FBC710008D53B4 /* Supporting Files */,
			);
			path = TaxiFridayTests;
			sourceTree = "<group>";
		};
		068F144819FBC710008D53B4 /* Supporting Files */ = {
			isa = PBXGroup;
			children = (
				068F144919FBC710008D53B4 /* Info.plist */,
			);
			name = "Supporting Files";
			sourceTree = "<group>";
		};
		068F145419FBC7D1008D53B4 /* AppDelegate */ = {
			isa = PBXGroup;
			children = (
				068F143219FBC710008D53B4 /* AppDelegate.h */,
				068F143319FBC710008D53B4 /* AppDelegate.m */,
			);
			name = AppDelegate;
			sourceTree = "<group>";
		};
		068F145519FBC7EE008D53B4 /* Storyboard */ = {
			isa = PBXGroup;
			children = (
				068F143819FBC710008D53B4 /* Main-iPhone.storyboard */,
			);
			name = Storyboard;
			sourceTree = "<group>";
		};
		068F145919FBC878008D53B4 /* VCs */ = {
			isa = PBXGroup;
			children = (
				068F145A19FBC8B9008D53B4 /* RequestVC */,
				068F146C19FBCB4F008D53B4 /* SearchAdressVC */,
				06DE565819FD401800E7026E /* OrderVC */,
			);
			name = VCs;
			sourceTree = "<group>";
		};
		068F145A19FBC8B9008D53B4 /* RequestVC */ = {
			isa = PBXGroup;
			children = (
				068F145619FBC86A008D53B4 /* RequestVC.h */,
				068F145719FBC86A008D53B4 /* RequestVC.m */,
			);
			name = RequestVC;
			sourceTree = "<group>";
		};
		068F146C19FBCB4F008D53B4 /* SearchAdressVC */ = {
			isa = PBXGroup;
			children = (
				06643A8F19FC592B00431C48 /* Cells */,
				A7CCCDAA1A04D9C700F5DF4D /* SearchPlaceVC.h */,
				A7CCCDAB1A04D9C700F5DF4D /* SearchPlaceVC.m */,
			);
			name = SearchAdressVC;
			sourceTree = "<group>";
		};
		068F147719FBDE1E008D53B4 /* Frameworks */ = {
			isa = PBXGroup;
			children = (
				068F147C19FBDE94008D53B4 /* CoreGraphics.framework */,
				068F147A19FBDE60008D53B4 /* QuartzCore.framework */,
				068F147819FBDE48008D53B4 /* Foundation.framework */,
				068F147519FBDE0F008D53B4 /* UIKit.framework */,
				C0F7CBFAE11CD09338AADED3 /* libPods.a */,
			);
			name = Frameworks;
			sourceTree = "<group>";
		};
		068F148619FBE09B008D53B4 /* Fonts */ = {
			isa = PBXGroup;
			children = (
				068F147E19FBE08E008D53B4 /* HELVETICANEUECYR-BOLD.OTF */,
				068F147F19FBE08E008D53B4 /* HELVETICANEUECYR-LIGHT.OTF */,
				068F148019FBE08E008D53B4 /* HELVETICANEUECYR-MEDIUM.OTF */,
				068F148119FBE08E008D53B4 /* HELVETICANEUECYR-ROMAN.OTF */,
			);
			name = Fonts;
			sourceTree = "<group>";
		};
		06DE565819FD401800E7026E /* OrderVC */ = {
			isa = PBXGroup;
			children = (
				A76FB95E1A07D72F008F06E0 /* OrderVC.h */,
				A76FB95F1A07D72F008F06E0 /* OrderVC.m */,
			);
			name = OrderVC;
			sourceTree = "<group>";
		};
		59FD8BC2423C9B37DA1E9E5B /* Pods */ = {
			isa = PBXGroup;
			children = (
				AA8E397A28ABA8EDAB4BED70 /* Pods.debug.xcconfig */,
				562CE38CAC471FAFB5480BC4 /* Pods.release.xcconfig */,
			);
			name = Pods;
			sourceTree = "<group>";
		};
		A76FB9501A064CD0008F06E0 /* CustomElements */ = {
			isa = PBXGroup;
			children = (
				A76FB9511A064D35008F06E0 /* UITextViewModified.h */,
				A76FB9521A064D35008F06E0 /* UITextViewModified.m */,
			);
			name = CustomElements;
			sourceTree = "<group>";
		};
		A7CCCDAD1A04DA8100F5DF4D /* Model */ = {
			isa = PBXGroup;
			children = (
				A7CCCDB11A04DC1600F5DF4D /* Place.h */,
				A7CCCDB21A04DC1600F5DF4D /* Place.m */,
			);
			name = Model;
			sourceTree = "<group>";
		};
/* End PBXGroup section */

/* Begin PBXNativeTarget section */
		068F142A19FBC70F008D53B4 /* TaxiFriday */ = {
			isa = PBXNativeTarget;
			buildConfigurationList = 068F144E19FBC710008D53B4 /* Build configuration list for PBXNativeTarget "TaxiFriday" */;
			buildPhases = (
				AEB95E2B5C9F173EBC6C87F4 /* Check Pods Manifest.lock */,
				068F142719FBC70F008D53B4 /* Sources */,
				068F142819FBC70F008D53B4 /* Frameworks */,
				068F142919FBC70F008D53B4 /* Resources */,
				960FC7540AFBB607A3B668A3 /* Copy Pods Resources */,
			);
			buildRules = (
			);
			dependencies = (
			);
			name = TaxiFriday;
			productName = TaxiFriday;
			productReference = 068F142B19FBC710008D53B4 /* TaxiFriday.app */;
			productType = "com.apple.product-type.application";
		};
		068F144319FBC710008D53B4 /* TaxiFridayTests */ = {
			isa = PBXNativeTarget;
			buildConfigurationList = 068F145119FBC710008D53B4 /* Build configuration list for PBXNativeTarget "TaxiFridayTests" */;
			buildPhases = (
				068F144019FBC710008D53B4 /* Sources */,
				068F144119FBC710008D53B4 /* Frameworks */,
				068F144219FBC710008D53B4 /* Resources */,
			);
			buildRules = (
			);
			dependencies = (
				068F144619FBC710008D53B4 /* PBXTargetDependency */,
			);
			name = TaxiFridayTests;
			productName = TaxiFridayTests;
			productReference = 068F144419FBC710008D53B4 /* TaxiFridayTests.xctest */;
			productType = "com.apple.product-type.bundle.unit-test";
		};
/* End PBXNativeTarget section */

/* Begin PBXProject section */
		068F142319FBC70F008D53B4 /* Project object */ = {
			isa = PBXProject;
			attributes = {
				LastUpgradeCheck = 0610;
				TargetAttributes = {
					068F142A19FBC70F008D53B4 = {
						CreatedOnToolsVersion = 6.1;
					};
					068F144319FBC710008D53B4 = {
						CreatedOnToolsVersion = 6.1;
						TestTargetID = 068F142A19FBC70F008D53B4;
					};
				};
			};
			buildConfigurationList = 068F142619FBC70F008D53B4 /* Build configuration list for PBXProject "TaxiFriday" */;
			compatibilityVersion = "Xcode 3.2";
			developmentRegion = English;
			hasScannedForEncodings = 0;
			knownRegions = (
				en,
				Base,
			);
			mainGroup = 068F142219FBC70F008D53B4;
			productRefGroup = 068F142C19FBC710008D53B4 /* Products */;
			projectDirPath = "";
			projectRoot = "";
			targets = (
				068F142A19FBC70F008D53B4 /* TaxiFriday */,
				068F144319FBC710008D53B4 /* TaxiFridayTests */,
			);
		};
/* End PBXProject section */

/* Begin PBXResourcesBuildPhase section */
		068F142919FBC70F008D53B4 /* Resources */ = {
			isa = PBXResourcesBuildPhase;
			buildActionMask = 2147483647;
			files = (
				068F148319FBE08E008D53B4 /* HELVETICANEUECYR-LIGHT.OTF in Resources */,
				068F143A19FBC710008D53B4 /* Main-iPhone.storyboard in Resources */,
				068F148519FBE08E008D53B4 /* HELVETICANEUECYR-ROMAN.OTF in Resources */,
				068F143F19FBC710008D53B4 /* LaunchScreen.xib in Resources */,
				068F148219FBE08E008D53B4 /* HELVETICANEUECYR-BOLD.OTF in Resources */,
				068F148419FBE08E008D53B4 /* HELVETICANEUECYR-MEDIUM.OTF in Resources */,
				068F143C19FBC710008D53B4 /* Images.xcassets in Resources */,
			);
			runOnlyForDeploymentPostprocessing = 0;
		};
		068F144219FBC710008D53B4 /* Resources */ = {
			isa = PBXResourcesBuildPhase;
			buildActionMask = 2147483647;
			files = (
			);
			runOnlyForDeploymentPostprocessing = 0;
		};
/* End PBXResourcesBuildPhase section */

/* Begin PBXShellScriptBuildPhase section */
		960FC7540AFBB607A3B668A3 /* Copy Pods Resources */ = {
			isa = PBXShellScriptBuildPhase;
			buildActionMask = 2147483647;
			files = (
			);
			inputPaths = (
			);
			name = "Copy Pods Resources";
			outputPaths = (
			);
			runOnlyForDeploymentPostprocessing = 0;
			shellPath = /bin/sh;
			shellScript = "\"${SRCROOT}/Pods/Target Support Files/Pods/Pods-resources.sh\"\n";
			showEnvVarsInLog = 0;
		};
		AEB95E2B5C9F173EBC6C87F4 /* Check Pods Manifest.lock */ = {
			isa = PBXShellScriptBuildPhase;
			buildActionMask = 2147483647;
			files = (
			);
			inputPaths = (
			);
			name = "Check Pods Manifest.lock";
			outputPaths = (
			);
			runOnlyForDeploymentPostprocessing = 0;
			shellPath = /bin/sh;
			shellScript = "diff \"${PODS_ROOT}/../Podfile.lock\" \"${PODS_ROOT}/Manifest.lock\" > /dev/null\nif [[ $? != 0 ]] ; then\n    cat << EOM\nerror: The sandbox is not in sync with the Podfile.lock. Run 'pod install' or update your CocoaPods installation.\nEOM\n    exit 1\nfi\n";
			showEnvVarsInLog = 0;
		};
/* End PBXShellScriptBuildPhase section */

/* Begin PBXSourcesBuildPhase section */
		068F142719FBC70F008D53B4 /* Sources */ = {
			isa = PBXSourcesBuildPhase;
			buildActionMask = 2147483647;
			files = (
				068F145819FBC86A008D53B4 /* RequestVC.m in Sources */,
				A7CCCDB31A04DC1600F5DF4D /* Place.m in Sources */,
				068F147319FBD731008D53B4 /* Categories.m in Sources */,
				068F143419FBC710008D53B4 /* AppDelegate.m in Sources */,
				A76FB9531A064D35008F06E0 /* UITextViewModified.m in Sources */,
				A7CCCDAC1A04D9C700F5DF4D /* SearchPlaceVC.m in Sources */,
				06643A8B19FC238F00431C48 /* Server.m in Sources */,
				A76FB9601A07D72F008F06E0 /* OrderVC.m in Sources */,
				06643A9219FCD7AB00431C48 /* SearchCell.m in Sources */,
				06643A8E19FC591F00431C48 /* AddressCell.m in Sources */,
				068F143119FBC710008D53B4 /* main.m in Sources */,
			);
			runOnlyForDeploymentPostprocessing = 0;
		};
		068F144019FBC710008D53B4 /* Sources */ = {
			isa = PBXSourcesBuildPhase;
			buildActionMask = 2147483647;
			files = (
				068F144B19FBC710008D53B4 /* TaxiFridayTests.m in Sources */,
			);
			runOnlyForDeploymentPostprocessing = 0;
		};
/* End PBXSourcesBuildPhase section */

/* Begin PBXTargetDependency section */
		068F144619FBC710008D53B4 /* PBXTargetDependency */ = {
			isa = PBXTargetDependency;
			target = 068F142A19FBC70F008D53B4 /* TaxiFriday */;
			targetProxy = 068F144519FBC710008D53B4 /* PBXContainerItemProxy */;
		};
/* End PBXTargetDependency section */

/* Begin PBXVariantGroup section */
		068F143819FBC710008D53B4 /* Main-iPhone.storyboard */ = {
			isa = PBXVariantGroup;
			children = (
				068F143919FBC710008D53B4 /* Base */,
			);
			name = "Main-iPhone.storyboard";
			sourceTree = "<group>";
		};
		068F143D19FBC710008D53B4 /* LaunchScreen.xib */ = {
			isa = PBXVariantGroup;
			children = (
				068F143E19FBC710008D53B4 /* Base */,
			);
			name = LaunchScreen.xib;
			sourceTree = "<group>";
		};
/* End PBXVariantGroup section */

/* Begin XCBuildConfiguration section */
		068F144C19FBC710008D53B4 /* Debug */ = {
			isa = XCBuildConfiguration;
			buildSettings = {
				ALWAYS_SEARCH_USER_PATHS = NO;
				CLANG_CXX_LANGUAGE_STANDARD = "gnu++0x";
				CLANG_CXX_LIBRARY = "libc++";
				CLANG_ENABLE_MODULES = YES;
				CLANG_ENABLE_OBJC_ARC = YES;
				CLANG_WARN_BOOL_CONVERSION = YES;
				CLANG_WARN_CONSTANT_CONVERSION = YES;
				CLANG_WARN_DIRECT_OBJC_ISA_USAGE = YES_ERROR;
				CLANG_WARN_EMPTY_BODY = YES;
				CLANG_WARN_ENUM_CONVERSION = YES;
				CLANG_WARN_INT_CONVERSION = YES;
				CLANG_WARN_OBJC_ROOT_CLASS = YES_ERROR;
				CLANG_WARN_UNREACHABLE_CODE = YES;
				CLANG_WARN__DUPLICATE_METHOD_MATCH = YES;
				"CODE_SIGN_IDENTITY[sdk=iphoneos*]" = "iPhone Developer";
				COPY_PHASE_STRIP = NO;
				ENABLE_STRICT_OBJC_MSGSEND = YES;
				GCC_C_LANGUAGE_STANDARD = gnu99;
				GCC_DYNAMIC_NO_PIC = NO;
				GCC_OPTIMIZATION_LEVEL = 0;
				GCC_PREPROCESSOR_DEFINITIONS = (
					"DEBUG=1",
					"$(inherited)",
				);
				GCC_SYMBOLS_PRIVATE_EXTERN = NO;
				GCC_WARN_64_TO_32_BIT_CONVERSION = YES;
				GCC_WARN_ABOUT_RETURN_TYPE = YES_ERROR;
				GCC_WARN_UNDECLARED_SELECTOR = YES;
				GCC_WARN_UNINITIALIZED_AUTOS = YES_AGGRESSIVE;
				GCC_WARN_UNUSED_FUNCTION = YES;
				GCC_WARN_UNUSED_VARIABLE = YES;
				IPHONEOS_DEPLOYMENT_TARGET = 8.1;
				MTL_ENABLE_DEBUG_INFO = YES;
				ONLY_ACTIVE_ARCH = YES;
				SDKROOT = iphoneos;
			};
			name = Debug;
		};
		068F144D19FBC710008D53B4 /* Release */ = {
			isa = XCBuildConfiguration;
			buildSettings = {
				ALWAYS_SEARCH_USER_PATHS = NO;
				CLANG_CXX_LANGUAGE_STANDARD = "gnu++0x";
				CLANG_CXX_LIBRARY = "libc++";
				CLANG_ENABLE_MODULES = YES;
				CLANG_ENABLE_OBJC_ARC = YES;
				CLANG_WARN_BOOL_CONVERSION = YES;
				CLANG_WARN_CONSTANT_CONVERSION = YES;
				CLANG_WARN_DIRECT_OBJC_ISA_USAGE = YES_ERROR;
				CLANG_WARN_EMPTY_BODY = YES;
				CLANG_WARN_ENUM_CONVERSION = YES;
				CLANG_WARN_INT_CONVERSION = YES;
				CLANG_WARN_OBJC_ROOT_CLASS = YES_ERROR;
				CLANG_WARN_UNREACHABLE_CODE = YES;
				CLANG_WARN__DUPLICATE_METHOD_MATCH = YES;
				"CODE_SIGN_IDENTITY[sdk=iphoneos*]" = "iPhone Developer";
				COPY_PHASE_STRIP = YES;
				ENABLE_NS_ASSERTIONS = NO;
				ENABLE_STRICT_OBJC_MSGSEND = YES;
				GCC_C_LANGUAGE_STANDARD = gnu99;
				GCC_WARN_64_TO_32_BIT_CONVERSION = YES;
				GCC_WARN_ABOUT_RETURN_TYPE = YES_ERROR;
				GCC_WARN_UNDECLARED_SELECTOR = YES;
				GCC_WARN_UNINITIALIZED_AUTOS = YES_AGGRESSIVE;
				GCC_WARN_UNUSED_FUNCTION = YES;
				GCC_WARN_UNUSED_VARIABLE = YES;
				IPHONEOS_DEPLOYMENT_TARGET = 8.1;
				MTL_ENABLE_DEBUG_INFO = NO;
				SDKROOT = iphoneos;
				VALIDATE_PRODUCT = YES;
			};
			name = Release;
		};
		068F144F19FBC710008D53B4 /* Debug */ = {
			isa = XCBuildConfiguration;
			baseConfigurationReference = AA8E397A28ABA8EDAB4BED70 /* Pods.debug.xcconfig */;
			buildSettings = {
				ASSETCATALOG_COMPILER_APPICON_NAME = AppIcon;
				CODE_SIGN_IDENTITY = "iPhone Developer: Andrei Parakhnia (S2HRT6B344)";
				GCC_PREFIX_HEADER = "TaxiFriday/TaxiFriday-PrefixHeader.pch";
				INFOPLIST_FILE = TaxiFriday/Info.plist;
				LD_RUNPATH_SEARCH_PATHS = "$(inherited) @executable_path/Frameworks";
				PRODUCT_NAME = "$(TARGET_NAME)";
				PROVISIONING_PROFILE = "";
			};
			name = Debug;
		};
		068F145019FBC710008D53B4 /* Release */ = {
			isa = XCBuildConfiguration;
			baseConfigurationReference = 562CE38CAC471FAFB5480BC4 /* Pods.release.xcconfig */;
			buildSettings = {
				ASSETCATALOG_COMPILER_APPICON_NAME = AppIcon;
				CODE_SIGN_IDENTITY = "iPhone Distribution: Taxi PJATNICA OOO (Z66H44GDQM)";
				GCC_PREFIX_HEADER = "TaxiFriday/TaxiFriday-PrefixHeader.pch";
				INFOPLIST_FILE = TaxiFriday/Info.plist;
				LD_RUNPATH_SEARCH_PATHS = "$(inherited) @executable_path/Frameworks";
				PRODUCT_NAME = "$(TARGET_NAME)";
				PROVISIONING_PROFILE = "";
			};
			name = Release;
		};
		068F145219FBC710008D53B4 /* Debug */ = {
			isa = XCBuildConfiguration;
			buildSettings = {
				BUNDLE_LOADER = "$(TEST_HOST)";
				FRAMEWORK_SEARCH_PATHS = (
					"$(SDKROOT)/Developer/Library/Frameworks",
					"$(inherited)",
				);
				GCC_PREPROCESSOR_DEFINITIONS = (
					"DEBUG=1",
					"$(inherited)",
				);
				INFOPLIST_FILE = TaxiFridayTests/Info.plist;
				LD_RUNPATH_SEARCH_PATHS = "$(inherited) @executable_path/Frameworks @loader_path/Frameworks";
				PRODUCT_NAME = "$(TARGET_NAME)";
				TEST_HOST = "$(BUILT_PRODUCTS_DIR)/TaxiFriday.app/TaxiFriday";
			};
			name = Debug;
		};
		068F145319FBC710008D53B4 /* Release */ = {
			isa = XCBuildConfiguration;
			buildSettings = {
				BUNDLE_LOADER = "$(TEST_HOST)";
				FRAMEWORK_SEARCH_PATHS = (
					"$(SDKROOT)/Developer/Library/Frameworks",
					"$(inherited)",
				);
				INFOPLIST_FILE = TaxiFridayTests/Info.plist;
				LD_RUNPATH_SEARCH_PATHS = "$(inherited) @executable_path/Frameworks @loader_path/Frameworks";
				PRODUCT_NAME = "$(TARGET_NAME)";
				TEST_HOST = "$(BUILT_PRODUCTS_DIR)/TaxiFriday.app/TaxiFriday";
			};
			name = Release;
		};
/* End XCBuildConfiguration section */

/* Begin XCConfigurationList section */
		068F142619FBC70F008D53B4 /* Build configuration list for PBXProject "TaxiFriday" */ = {
			isa = XCConfigurationList;
			buildConfigurations = (
				068F144C19FBC710008D53B4 /* Debug */,
				068F144D19FBC710008D53B4 /* Release */,
			);
			defaultConfigurationIsVisible = 0;
			defaultConfigurationName = Release;
		};
		068F144E19FBC710008D53B4 /* Build configuration list for PBXNativeTarget "TaxiFriday" */ = {
			isa = XCConfigurationList;
			buildConfigurations = (
				068F144F19FBC710008D53B4 /* Debug */,
				068F145019FBC710008D53B4 /* Release */,
			);
			defaultConfigurationIsVisible = 0;
			defaultConfigurationName = Release;
		};
		068F145119FBC710008D53B4 /* Build configuration list for PBXNativeTarget "TaxiFridayTests" */ = {
			isa = XCConfigurationList;
			buildConfigurations = (
				068F145219FBC710008D53B4 /* Debug */,
				068F145319FBC710008D53B4 /* Release */,
			);
			defaultConfigurationIsVisible = 0;
			defaultConfigurationName = Release;
		};
/* End XCConfigurationList section */
	};
	rootObject = 068F142319FBC70F008D53B4 /* Project object */;
}
